{
  "version": 4,
  "terraform_version": "1.15.6",
  "serial": 1,
  "lineage": "08ddd43f-4e15-1a85-d408-a0d5a8046338",
  "outputs": {
    "cluster_name": {
      "value": "platform-dev",
      "type": "string"
    },
    "database_name": {
      "value": "platform_dev",
      "type": "string"
    },
    "environment": {
      "value": "dev",
      "type": "string"
    }
  },
  "resources": [
    {
      "module": "module.kubernetes",
      "mode": "managed",
      "type": "local_file",
      "name": "cluster",
      "provider": "provider[\"registry.terraform.io/hashicorp/local\"]",
      "instances": [
        {
          "schema_version": 0,
          "attributes": {
            "content": "Cluster=platform-dev\r\nEnvironment=dev\r\n",
            "content_base64": null,
            "content_base64sha256": "KwJkrKGRxEV4lbygnz6S5pqvj92WzQr4AYmFYa4NxBQ=",
            "content_base64sha512": "yhc9CHC0zdU1sE3lx8iUCGSbboE+rzx4kijNdUvrLpPl4awV28dhCey40I+a21C6Bwe6MMZYvYkKdb8MV2nvEw==",
            "content_md5": "3a407323ef1b9b4fd0b312c6d10ffee5",
            "content_sha1": "153b1e2a6787d0c6b85314acee210324f0d0f79c",
            "content_sha256": "2b0264aca191c4457895bca09f3e92e69aaf8fdd96cd0af801898561ae0dc414",
            "content_sha512": "ca173d0870b4cdd535b04de5c7c89408649b6e813eaf3c789228cd754beb2e93e5e1ac15dbc76109ecb8d08f9adb50ba0707ba30c658bd890a75bf0c5769ef13",
            "directory_permission": "0777",
            "file_permission": "0777",
            "filename": "../../modules/kubernetes/platform-dev.txt",
            "id": "153b1e2a6787d0c6b85314acee210324f0d0f79c",
            "sensitive_content": null,
            "source": null
          },
          "sensitive_attributes": [
            [
              {
                "type": "get_attr",
                "value": "sensitive_content"
              }
            ]
          ],
          "identity_schema_version": 0
        }
      ]
    },
    {
      "module": "module.network",
      "mode": "managed",
      "type": "local_file",
      "name": "network",
      "provider": "provider[\"registry.terraform.io/hashicorp/local\"]",
      "instances": [
        {
          "schema_version": 0,
          "attributes": {
            "content": "Environment=dev\r\nCIDR=10.0.0.0/16\r\n",
            "content_base64": null,
            "content_base64sha256": "ZNrD4D36y8HZeHQN07dUK33m71702OS6xfVZC1jQOws=",
            "content_base64sha512": "DLF5x3bZOKKYbQLgnnNGXPnql2O3vzzKRuAYSzl7yvBn0Y4i7we2m/HntU8tm40ItiUf6jsNEeWya11ADcvmWw==",
            "content_md5": "16c907ce45233b0e3cd8025fb34c9dcd",
            "content_sha1": "629ea424563db77331806d8015fe6930accfe0b1",
            "content_sha256": "64dac3e03dfacbc1d978740dd3b7542b7de6ef5ef4d8e4bac5f5590b58d03b0b",
            "content_sha512": "0cb179c776d938a2986d02e09e73465cf9ea9763b7bf3cca46e0184b397bcaf067d18e22ef07b69bf1e7b54f2d9b8d08b6251fea3b0d11e5b26b5d400dcbe65b",
            "directory_permission": "0777",
            "file_permission": "0777",
            "filename": "../../modules/network/dev-network.txt",
            "id": "629ea424563db77331806d8015fe6930accfe0b1",
            "sensitive_content": null,
            "source": null
          },
          "sensitive_attributes": [
            [
              {
                "type": "get_attr",
                "value": "sensitive_content"
              }
            ]
          ],
          "identity_schema_version": 0
        }
      ]
    },
    {
      "module": "module.postgres",
      "mode": "managed",
      "type": "local_file",
      "name": "postgres",
      "provider": "provider[\"registry.terraform.io/hashicorp/local\"]",
      "instances": [
        {
          "schema_version": 0,
          "attributes": {
            "content": "Database=platform_dev\r\n",
            "content_base64": null,
            "content_base64sha256": "Bq6AiMShdYGrySrCPl0P7OjcJLysGQwQP/qNZdpgfMw=",
            "content_base64sha512": "Up991O5tFjl7OWM3bssyvQxK0CmK852YSzf1QNsO1E3061VttEG0FUM1zX+EQC1DMtJV3fdX6QhlQpgglOuJQQ==",
            "content_md5": "36ece4beb23efe69ca7ed7b7492b40f3",
            "content_sha1": "bccb20888a1bdce5cf18c7ee82c16bfff44a7364",
            "content_sha256": "06ae8088c4a17581abc92ac23e5d0fece8dc24bcac190c103ffa8d65da607ccc",
            "content_sha512": "529f7dd4ee6d16397b3963376ecb32bd0c4ad0298af39d984b37f540db0ed44df4eb556db441b4154335cd7f84402d4332d255ddf757e9086542982094eb8941",
            "directory_permission": "0777",
            "file_permission": "0777",
            "filename": "../../modules/postgres/postgres.txt",
            "id": "bccb20888a1bdce5cf18c7ee82c16bfff44a7364",
            "sensitive_content": null,
            "source": null
          },
          "sensitive_attributes": [
            [
              {
                "type": "get_attr",
                "value": "sensitive_content"
              }
            ]
          ],
          "identity_schema_version": 0
        }
      ]
    }
  ],
  "check_results": null
}
